# THIS IS AN AUTOGENERATED FILE. DO NOT EDIT THIS FILE DIRECTLY.
# yarn lockfile v1


function-bind@^1.1.2:
  version "1.1.2"
  resolved "https://registry.yarnpkg.com/function-bind/-/function-bind-1.1.2.tgz#2c02d864d97f3ea6c8830c464cbd11ab6eab7a1c"
  integrity sha512-7XHNxH7qX9xG5mIwxkhumTox/MIRNcOgDrxWsMt2pAr23WHp6MrRlN7FBSFpCpr+oVO0F744iUgR82nJMfG2SA==

hasown@^2.0.0:
  version "2.0.2"
  resolved "https://registry.yarnpkg.com/hasown/-/hasown-2.0.2.tgz#003eaf91be7adc372e84ec59dc37252cedb80003"
  integrity sha512-0hJU9SCPvmMzIBdZFqNPXWa6dqh7WdH0cII9y+CyS8rG3nL48Bclra9HmKhVVUHyPWNH5Y7xDwAB7bfgSjkUMQ==
  dependencies:
    function-bind "^1.1.2"

is@^3.3.0:
  version "3.3.0"
  resolved "https://registry.yarnpkg.com/is/-/is-3.3.0.tgz#61cff6dd3c4193db94a3d62582072b44e5645d79"
  integrity sha512-nW24QBoPcFGGHJGUwnfpI7Yc5CdqWNdsyHQszVE/z2pKHXzh7FZ5GWhJqSyaQ9wMkQnsTx+kAI8bHlCX4tKdbg==

node-go-require@^2.0.0:
  version "2.0.0"
  resolved "https://registry.yarnpkg.com/node-go-require/-/node-go-require-2.0.0.tgz#24b60ad99db5b84b6e95bfe38b3efdbce4717d5c"
  integrity sha512-WyKnmNYROTqNokEZIDyeWZkYVA4c/QU8JH9IW9da6VgDDbxSATbsdYXkFGUNlMZw9c+n3nK11MCGh0yPDl7HTA==
  dependencies:
    node.extend "^2.0.2"

node.extend@^2.0.2:
  version "2.0.3"
  resolved "https://registry.yarnpkg.com/node.extend/-/node.extend-2.0.3.tgz#01cff7d142996aee6bb6bf506d065405ecd4371d"
  integrity sha512-xwADg/okH48PvBmRZyoX8i8GJaKuJ1CqlqotlZOhUio8egD1P5trJupHKBzcPjSF9ifK2gPcEICRBnkfPqQXZw==
  dependencies:
    hasown "^2.0.0"
    is "^3.3.0"
